
Microsoft Visual Studio Solution File, Format Version 12.00
# Visual Studio 15
VisualStudioVersion = 15.0.28307.572
MinimumVisualStudioVersion = 10.0.40219.1
Project("{FAE04EC0-301F-11D3-BF4B-00C04F79EFBC}") = "test", "test\test.csproj", "{67CE67F8-9050-4BEF-9121-CE0F34558F66}"
EndProject
Global
	GlobalSection(SolutionConfigurationPlatforms) = preSolution
		Debug|Any CPU = Debug|Any CPU
		Release|Any CPU = Release|Any CPU
	EndGlobalSection
	GlobalSection(ProjectConfigurationPlatforms) = postSolution
		{67CE67F8-9050-4BEF-9121-CE0F34558F66}.Debug|Any CPU.ActiveCfg = Debug|Any CPU
		{67CE67F8-9050-4BEF-9121-CE0F34558F66}.Debug|Any CPU.Build.0 = Debug|Any CPU
		{67CE67F8-9050-4BEF-9121-CE0F34558F66}.Release|Any CPU.ActiveCfg = Release|Any CPU
		{67CE67F8-9050-4BEF-9121-CE0F34558F66}.Release|Any CPU.Build.0 = Release|Any CPU
	EndGlobalSection
	GlobalSection(SolutionProperties) = preSolution
		HideSolutionNode = FALSE
	EndGlobalSection
	GlobalSection(ExtensibilityGlobals) = postSolution
		SolutionGuid = {C1EB8A70-69B1-44AF-93D5-2C99B611193B}
	EndGlobalSection
EndGlobal
